<?xml version="1.0" encoding="utf-8"?>
<Project ToolsVersion="4.0" xmlns="http://schemas.microsoft.com/developer/msbuild/2003">
  <ItemGroup>
    <Filter Include="리소스 파일">
      <UniqueIdentifier>{67DA6AB6-F800-4c08-8B7A-83BB121AAD01}</UniqueIdentifier>
      <Extensions>rc;ico;cur;bmp;dlg;rc2;rct;bin;rgs;gif;jpg;jpeg;jpe;resx;tiff;tif;png;wav;mfcribbon-ms</Extensions>
    </Filter>
    <Filter Include="Main">
      <UniqueIdentifier>{4FC737F1-C7A5-4376-A066-2A32D752A2FF}</UniqueIdentifier>
      <Extensions>cpp;c;cc;cxx;c++;cppm;ixx;def;odl;idl;hpj;bat;asm;asmx</Extensions>
    </Filter>
    <Filter Include="Reading">
      <UniqueIdentifier>{e4e22873-8e89-4c9f-a37c-3b9a1a3f9d6f}</UniqueIdentifier>
    </Filter>
    <Filter Include="Tour">
      <UniqueIdentifier>{dcc1677c-0101-4919-a675-94ad24da35bf}</UniqueIdentifier>
    </Filter>
    <Filter Include="Tour\1. The Basics">
      <UniqueIdentifier>{1b235449-1425-469d-9509-72375372d318}</UniqueIdentifier>
    </Filter>
    <Filter Include="Tour\2. User-Defined Types">
      <UniqueIdentifier>{db3727ed-fc5f-4f6a-869a-d358ba8043ca}</UniqueIdentifier>
    </Filter>
    <Filter Include="Tour\3. Modularity">
      <UniqueIdentifier>{8eb81181-0a93-4a5b-968a-efb53ca4ab1f}</UniqueIdentifier>
    </Filter>
  </ItemGroup>
  <ItemGroup>
    <ClCompile Include="cplus_review.cpp">
      <Filter>Main</Filter>
    </ClCompile>
    <ClCompile Include="Reading\day_01.cpp">
      <Filter>Reading</Filter>
    </ClCompile>
    <ClCompile Include="Reading\day_02.cpp">
      <Filter>Reading</Filter>
    </ClCompile>
    <ClCompile Include="Reading\day_03.cpp">
      <Filter>Reading</Filter>
    </ClCompile>
    <ClCompile Include="Reading\Date.cpp">
      <Filter>Reading</Filter>
    </ClCompile>
    <ClCompile Include="Reading\day_04.cpp">
      <Filter>Reading</Filter>
    </ClCompile>
    <ClCompile Include="Reading\destructor.cpp">
      <Filter>Reading</Filter>
    </ClCompile>
    <ClCompile Include="Reading\copy_constructor.cpp">
      <Filter>Reading</Filter>
    </ClCompile>
    <ClCompile Include="Reading\initializer_list.cpp">
      <Filter>Reading</Filter>
    </ClCompile>
    <ClCompile Include="Reading\class_const_static_member.cpp">
      <Filter>Reading</Filter>
    </ClCompile>
    <ClCompile Include="Reading\string_class.cpp">
      <Filter>Reading</Filter>
    </ClCompile>
    <ClCompile Include="Reading\explict_mutable.cpp">
      <Filter>Reading</Filter>
    </ClCompile>
    <ClCompile Include="Reading\operator_overloading.cpp">
      <Filter>Reading</Filter>
    </ClCompile>
    <ClCompile Include="Reading\inheritance.cpp">
      <Filter>Reading</Filter>
    </ClCompile>
    <ClCompile Include="Reading\complex_class.cpp">
      <Filter>Reading</Filter>
    </ClCompile>
    <ClCompile Include="Tour\1. The Basics\1. Introduction.cpp">
      <Filter>Tour\1. The Basics</Filter>
    </ClCompile>
    <ClCompile Include="Tour\1. The Basics\2. Programs.cpp">
      <Filter>Tour\1. The Basics</Filter>
    </ClCompile>
    <ClCompile Include="Tour\1. The Basics\3. Functions.cpp">
      <Filter>Tour\1. The Basics</Filter>
    </ClCompile>
    <ClCompile Include="Reading\friend.cpp">
      <Filter>Reading</Filter>
    </ClCompile>
    <ClCompile Include="Tour\1. The Basics\4. Types Variables Arithmetic.cpp">
      <Filter>Tour\1. The Basics</Filter>
    </ClCompile>
    <ClCompile Include="Reading\int_wrapper.cpp">
      <Filter>Reading</Filter>
    </ClCompile>
    <ClCompile Include="Reading\array_class.cpp">
      <Filter>Reading</Filter>
    </ClCompile>
    <ClCompile Include="Tour\1. The Basics\5. Scope and Lifetime.cpp">
      <Filter>Tour\1. The Basics</Filter>
    </ClCompile>
    <ClCompile Include="Tour\1. The Basics\6. Constants.cpp">
      <Filter>Tour\1. The Basics</Filter>
    </ClCompile>
    <ClCompile Include="Reading\employee class.cpp">
      <Filter>Reading</Filter>
    </ClCompile>
    <ClCompile Include="Tour\1. The Basics\8. Tests.cpp">
      <Filter>Tour\1. The Basics</Filter>
    </ClCompile>
    <ClCompile Include="Tour\1. The Basics\9. Mapping to Hardware.cpp">
      <Filter>Tour\1. The Basics</Filter>
    </ClCompile>
    <ClCompile Include="Tour\1. The Basics\7. Pointers, Arrays, and References.cpp">
      <Filter>Tour\1. The Basics</Filter>
    </ClCompile>
    <ClCompile Include="Reading\dot_arrow_test.cpp">
      <Filter>Reading</Filter>
    </ClCompile>
    <ClCompile Include="Tour\2. User-Defined Types\1. Introduction.cpp">
      <Filter>Tour\2. User-Defined Types</Filter>
    </ClCompile>
    <ClCompile Include="Tour\2. User-Defined Types\2. Structures.cpp">
      <Filter>Tour\2. User-Defined Types</Filter>
    </ClCompile>
    <ClCompile Include="Tour\2. User-Defined Types\3. Classes.cpp">
      <Filter>Tour\2. User-Defined Types</Filter>
    </ClCompile>
    <ClCompile Include="Tour\2. User-Defined Types\4. Unions.cpp">
      <Filter>Tour\2. User-Defined Types</Filter>
    </ClCompile>
    <ClCompile Include="Tour\2. User-Defined Types\5. Enumerations.cpp">
      <Filter>Tour\2. User-Defined Types</Filter>
    </ClCompile>
    <ClCompile Include="Tour\3. Modularity\1. Introduction.cpp">
      <Filter>Tour\3. Modularity</Filter>
    </ClCompile>
  </ItemGroup>
  <ItemGroup>
    <ClInclude Include="Reading\Date.hpp">
      <Filter>Reading</Filter>
    </ClInclude>
  </ItemGroup>
</Project>