<?xml version="1.0" encoding="utf-8"?>
<Project ToolsVersion="4.0" xmlns="http://schemas.microsoft.com/developer/msbuild/2003">
  <ItemGroup>
    <Filter Include="리소스 파일">
      <UniqueIdentifier>{67DA6AB6-F800-4c08-8B7A-83BB121AAD01}</UniqueIdentifier>
      <Extensions>rc;ico;cur;bmp;dlg;rc2;rct;bin;rgs;gif;jpg;jpeg;jpe;resx;tiff;tif;png;wav;mfcribbon-ms</Extensions>
    </Filter>
    <Filter Include="Main">
      <UniqueIdentifier>{4FC737F1-C7A5-4376-A066-2A32D752A2FF}</UniqueIdentifier>
      <Extensions>cpp;c;cc;cxx;c++;cppm;ixx;def;odl;idl;hpj;bat;asm;asmx</Extensions>
    </Filter>
    <Filter Include="Reading">
      <UniqueIdentifier>{e4e22873-8e89-4c9f-a37c-3b9a1a3f9d6f}</UniqueIdentifier>
    </Filter>
  </ItemGroup>
  <ItemGroup>
    <ClCompile Include="cplus_review.cpp">
      <Filter>Main</Filter>
    </ClCompile>
    <ClCompile Include="Reading\day_01.cpp">
      <Filter>Reading</Filter>
    </ClCompile>
    <ClCompile Include="Reading\day_02.cpp">
      <Filter>Reading</Filter>
    </ClCompile>
    <ClCompile Include="Reading\day_03.cpp">
      <Filter>Reading</Filter>
    </ClCompile>
    <ClCompile Include="Reading\Date.cpp">
      <Filter>Reading</Filter>
    </ClCompile>
    <ClCompile Include="Reading\day_04.cpp">
      <Filter>Reading</Filter>
    </ClCompile>
    <ClCompile Include="Reading\destructor.cpp">
      <Filter>Reading</Filter>
    </ClCompile>
    <ClCompile Include="Reading\copy_constructor.cpp">
      <Filter>Reading</Filter>
    </ClCompile>
    <ClCompile Include="Reading\initializer_list.cpp">
      <Filter>Reading</Filter>
    </ClCompile>
    <ClCompile Include="Reading\class_const_static_member.cpp">
      <Filter>Reading</Filter>
    </ClCompile>
    <ClCompile Include="Reading\string_class.cpp">
      <Filter>Reading</Filter>
    </ClCompile>
    <ClCompile Include="Reading\explict_mutable.cpp">
      <Filter>Reading</Filter>
    </ClCompile>
    <ClCompile Include="Reading\operator_overloading.cpp">
      <Filter>Reading</Filter>
    </ClCompile>
    <ClCompile Include="Reading\inheritance.cpp">
      <Filter>Reading</Filter>
    </ClCompile>
    <ClCompile Include="complex_class.cpp">
      <Filter>Reading</Filter>
    </ClCompile>
  </ItemGroup>
  <ItemGroup>
    <ClInclude Include="Reading\Date.hpp">
      <Filter>Reading</Filter>
    </ClInclude>
  </ItemGroup>
</Project>